
Microsoft Visual Studio Solution File, Format Version 12.00
# Visual Studio 2013
VisualStudioVersion = 12.0.30723.0
MinimumVisualStudioVersion = 10.0.40219.1
Project("{FAE04EC0-301F-11D3-BF4B-00C04F79EFBC}") = "AlgorithmPractice", "AlgorithmPractice\AlgorithmPractice.csproj", "{8F05FB25-250C-45A1-A2A6-E996E81AAD2F}"
EndProject
Project("{FAE04EC0-301F-11D3-BF4B-00C04F79EFBC}") = "AlgorithmPracticeTest", "AlgorithmPracticeTest\AlgorithmPracticeTest.csproj", "{7B262E71-C86D-470A-9054-718285488E9B}"
EndProject
Global
	GlobalSection(TeamFoundationVersionControl) = preSolution
		SccNumberOfProjects = 3
		SccEnterpriseProvider = {4CA58AB2-18FA-4F8D-95D4-32DDF27D184C}
		SccTeamFoundationServer = https://sandrock02.visualstudio.com/defaultcollection
		SccLocalPath0 = .
		SccProjectUniqueName1 = AlgorithmPractice\\AlgorithmPractice.csproj
		SccProjectName1 = AlgorithmPractice
		SccLocalPath1 = AlgorithmPractice
		SccProjectUniqueName2 = AlgorithmPracticeTest\\AlgorithmPracticeTest.csproj
		SccProjectName2 = AlgorithmPracticeTest
		SccLocalPath2 = AlgorithmPracticeTest
	EndGlobalSection
	GlobalSection(SolutionConfigurationPlatforms) = preSolution
		Debug|Any CPU = Debug|Any CPU
		Debug|Mixed Platforms = Debug|Mixed Platforms
		Debug|Win32 = Debug|Win32
		Release|Any CPU = Release|Any CPU
		Release|Mixed Platforms = Release|Mixed Platforms
		Release|Win32 = Release|Win32
	EndGlobalSection
	GlobalSection(ProjectConfigurationPlatforms) = postSolution
		{8F05FB25-250C-45A1-A2A6-E996E81AAD2F}.Debug|Any CPU.ActiveCfg = Debug|Any CPU
		{8F05FB25-250C-45A1-A2A6-E996E81AAD2F}.Debug|Any CPU.Build.0 = Debug|Any CPU
		{8F05FB25-250C-45A1-A2A6-E996E81AAD2F}.Debug|Mixed Platforms.ActiveCfg = Debug|Any CPU
		{8F05FB25-250C-45A1-A2A6-E996E81AAD2F}.Debug|Mixed Platforms.Build.0 = Debug|Any CPU
		{8F05FB25-250C-45A1-A2A6-E996E81AAD2F}.Debug|Win32.ActiveCfg = Debug|Any CPU
		{8F05FB25-250C-45A1-A2A6-E996E81AAD2F}.Release|Any CPU.ActiveCfg = Release|Any CPU
		{8F05FB25-250C-45A1-A2A6-E996E81AAD2F}.Release|Any CPU.Build.0 = Release|Any CPU
		{8F05FB25-250C-45A1-A2A6-E996E81AAD2F}.Release|Mixed Platforms.ActiveCfg = Release|Any CPU
		{8F05FB25-250C-45A1-A2A6-E996E81AAD2F}.Release|Mixed Platforms.Build.0 = Release|Any CPU
		{8F05FB25-250C-45A1-A2A6-E996E81AAD2F}.Release|Win32.ActiveCfg = Release|Any CPU
		{7B262E71-C86D-470A-9054-718285488E9B}.Debug|Any CPU.ActiveCfg = Debug|Any CPU
		{7B262E71-C86D-470A-9054-718285488E9B}.Debug|Any CPU.Build.0 = Debug|Any CPU
		{7B262E71-C86D-470A-9054-718285488E9B}.Debug|Mixed Platforms.ActiveCfg = Debug|Any CPU
		{7B262E71-C86D-470A-9054-718285488E9B}.Debug|Mixed Platforms.Build.0 = Debug|Any CPU
		{7B262E71-C86D-470A-9054-718285488E9B}.Debug|Win32.ActiveCfg = Debug|Any CPU
		{7B262E71-C86D-470A-9054-718285488E9B}.Release|Any CPU.ActiveCfg = Release|Any CPU
		{7B262E71-C86D-470A-9054-718285488E9B}.Release|Any CPU.Build.0 = Release|Any CPU
		{7B262E71-C86D-470A-9054-718285488E9B}.Release|Mixed Platforms.ActiveCfg = Release|Any CPU
		{7B262E71-C86D-470A-9054-718285488E9B}.Release|Mixed Platforms.Build.0 = Release|Any CPU
		{7B262E71-C86D-470A-9054-718285488E9B}.Release|Win32.ActiveCfg = Release|Any CPU
	EndGlobalSection
	GlobalSection(SolutionProperties) = preSolution
		HideSolutionNode = FALSE
	EndGlobalSection
EndGlobal
